
Microsoft Visual Studio Solution File, Format Version 12.00
# Visual Studio Version 17
VisualStudioVersion = 17.13.35806.99 d17.13
MinimumVisualStudioVersion = 10.0.40219.1
Project("{FAE04EC0-301F-11D3-BF4B-00C04F79EFBC}") = "TestFiotec", "TestFiotec\TestFiotec.csproj", "{8C2C6B9B-E4FB-4A77-AA35-C24FEDE2974E}"
EndProject
Global
	GlobalSection(SolutionConfigurationPlatforms) = preSolution
		Debug|Any CPU = Debug|Any CPU
		Release|Any CPU = Release|Any CPU
	EndGlobalSection
	GlobalSection(ProjectConfigurationPlatforms) = postSolution
		{8C2C6B9B-E4FB-4A77-AA35-C24FEDE2974E}.Debug|Any CPU.ActiveCfg = Debug|Any CPU
		{8C2C6B9B-E4FB-4A77-AA35-C24FEDE2974E}.Debug|Any CPU.Build.0 = Debug|Any CPU
		{8C2C6B9B-E4FB-4A77-AA35-C24FEDE2974E}.Release|Any CPU.ActiveCfg = Release|Any CPU
		{8C2C6B9B-E4FB-4A77-AA35-C24FEDE2974E}.Release|Any CPU.Build.0 = Release|Any CPU
	EndGlobalSection
	GlobalSection(SolutionProperties) = preSolution
		HideSolutionNode = FALSE
	EndGlobalSection
	GlobalSection(ExtensibilityGlobals) = postSolution
		SolutionGuid = {87E0FD07-FF64-4B05-B816-51ECCBBBE9CF}
	EndGlobalSection
EndGlobal
